
Microsoft Visual Studio Solution File, Format Version 12.00
# Visual Studio 15
VisualStudioVersion = 15.0.27703.2035
MinimumVisualStudioVersion = 10.0.40219.1
Project("{FAE04EC0-301F-11D3-BF4B-00C04F79EFBC}") = "Ejercicio02.Android", "Ejercicio02\Ejercicio02.Android\Ejercicio02.Android.csproj", "{8EC2A582-D1E8-456D-922F-396B0F173DF3}"
EndProject
Project("{FAE04EC0-301F-11D3-BF4B-00C04F79EFBC}") = "Ejercicio02.iOS", "Ejercicio02\Ejercicio02.iOS\Ejercicio02.iOS.csproj", "{8161DBB9-8101-4778-9106-9EDA4DD00FB8}"
EndProject
Project("{FAE04EC0-301F-11D3-BF4B-00C04F79EFBC}") = "Ejercicio02", "Ejercicio02\Ejercicio02\Ejercicio02.csproj", "{63C1AFFD-9525-48D8-A648-95107039E5AE}"
EndProject
Global
	GlobalSection(SolutionConfigurationPlatforms) = preSolution
		Ad-Hoc|Any CPU = Ad-Hoc|Any CPU
		Ad-Hoc|iPhone = Ad-Hoc|iPhone
		Ad-Hoc|iPhoneSimulator = Ad-Hoc|iPhoneSimulator
		AppStore|Any CPU = AppStore|Any CPU
		AppStore|iPhone = AppStore|iPhone
		AppStore|iPhoneSimulator = AppStore|iPhoneSimulator
		Debug|Any CPU = Debug|Any CPU
		Debug|iPhone = Debug|iPhone
		Debug|iPhoneSimulator = Debug|iPhoneSimulator
		Release|Any CPU = Release|Any CPU
		Release|iPhone = Release|iPhone
		Release|iPhoneSimulator = Release|iPhoneSimulator
	EndGlobalSection
	GlobalSection(ProjectConfigurationPlatforms) = postSolution
		{8EC2A582-D1E8-456D-922F-396B0F173DF3}.Ad-Hoc|Any CPU.ActiveCfg = Release|Any CPU
		{8EC2A582-D1E8-456D-922F-396B0F173DF3}.Ad-Hoc|Any CPU.Build.0 = Release|Any CPU
		{8EC2A582-D1E8-456D-922F-396B0F173DF3}.Ad-Hoc|Any CPU.Deploy.0 = Release|Any CPU
		{8EC2A582-D1E8-456D-922F-396B0F173DF3}.Ad-Hoc|iPhone.ActiveCfg = Release|Any CPU
		{8EC2A582-D1E8-456D-922F-396B0F173DF3}.Ad-Hoc|iPhone.Build.0 = Release|Any CPU
		{8EC2A582-D1E8-456D-922F-396B0F173DF3}.Ad-Hoc|iPhone.Deploy.0 = Release|Any CPU
		{8EC2A582-D1E8-456D-922F-396B0F173DF3}.Ad-Hoc|iPhoneSimulator.ActiveCfg = Release|Any CPU
		{8EC2A582-D1E8-456D-922F-396B0F173DF3}.Ad-Hoc|iPhoneSimulator.Build.0 = Release|Any CPU
		{8EC2A582-D1E8-456D-922F-396B0F173DF3}.Ad-Hoc|iPhoneSimulator.Deploy.0 = Release|Any CPU
		{8EC2A582-D1E8-456D-922F-396B0F173DF3}.AppStore|Any CPU.ActiveCfg = Release|Any CPU
		{8EC2A582-D1E8-456D-922F-396B0F173DF3}.AppStore|Any CPU.Build.0 = Release|Any CPU
		{8EC2A582-D1E8-456D-922F-396B0F173DF3}.AppStore|Any CPU.Deploy.0 = Release|Any CPU
		{8EC2A582-D1E8-456D-922F-396B0F173DF3}.AppStore|iPhone.ActiveCfg = Release|Any CPU
		{8EC2A582-D1E8-456D-922F-396B0F173DF3}.AppStore|iPhone.Build.0 = Release|Any CPU
		{8EC2A582-D1E8-456D-922F-396B0F173DF3}.AppStore|iPhone.Deploy.0 = Release|Any CPU
		{8EC2A582-D1E8-456D-922F-396B0F173DF3}.AppStore|iPhoneSimulator.ActiveCfg = Release|Any CPU
		{8EC2A582-D1E8-456D-922F-396B0F173DF3}.AppStore|iPhoneSimulator.Build.0 = Release|Any CPU
		{8EC2A582-D1E8-456D-922F-396B0F173DF3}.AppStore|iPhoneSimulator.Deploy.0 = Release|Any CPU
		{8EC2A582-D1E8-456D-922F-396B0F173DF3}.Debug|Any CPU.ActiveCfg = Debug|Any CPU
		{8EC2A582-D1E8-456D-922F-396B0F173DF3}.Debug|Any CPU.Build.0 = Debug|Any CPU
		{8EC2A582-D1E8-456D-922F-396B0F173DF3}.Debug|Any CPU.Deploy.0 = Debug|Any CPU
		{8EC2A582-D1E8-456D-922F-396B0F173DF3}.Debug|iPhone.ActiveCfg = Debug|Any CPU
		{8EC2A582-D1E8-456D-922F-396B0F173DF3}.Debug|iPhone.Build.0 = Debug|Any CPU
		{8EC2A582-D1E8-456D-922F-396B0F173DF3}.Debug|iPhone.Deploy.0 = Debug|Any CPU
		{8EC2A582-D1E8-456D-922F-396B0F173DF3}.Debug|iPhoneSimulator.ActiveCfg = Debug|Any CPU
		{8EC2A582-D1E8-456D-922F-396B0F173DF3}.Debug|iPhoneSimulator.Build.0 = Debug|Any CPU
		{8EC2A582-D1E8-456D-922F-396B0F173DF3}.Debug|iPhoneSimulator.Deploy.0 = Debug|Any CPU
		{8EC2A582-D1E8-456D-922F-396B0F173DF3}.Release|Any CPU.ActiveCfg = Release|Any CPU
		{8EC2A582-D1E8-456D-922F-396B0F173DF3}.Release|Any CPU.Build.0 = Release|Any CPU
		{8EC2A582-D1E8-456D-922F-396B0F173DF3}.Release|Any CPU.Deploy.0 = Release|Any CPU
		{8EC2A582-D1E8-456D-922F-396B0F173DF3}.Release|iPhone.ActiveCfg = Release|Any CPU
		{8EC2A582-D1E8-456D-922F-396B0F173DF3}.Release|iPhone.Build.0 = Release|Any CPU
		{8EC2A582-D1E8-456D-922F-396B0F173DF3}.Release|iPhone.Deploy.0 = Release|Any CPU
		{8EC2A582-D1E8-456D-922F-396B0F173DF3}.Release|iPhoneSimulator.ActiveCfg = Release|Any CPU
		{8EC2A582-D1E8-456D-922F-396B0F173DF3}.Release|iPhoneSimulator.Build.0 = Release|Any CPU
		{8EC2A582-D1E8-456D-922F-396B0F173DF3}.Release|iPhoneSimulator.Deploy.0 = Release|Any CPU
		{8161DBB9-8101-4778-9106-9EDA4DD00FB8}.Ad-Hoc|Any CPU.ActiveCfg = Ad-Hoc|iPhone
		{8161DBB9-8101-4778-9106-9EDA4DD00FB8}.Ad-Hoc|Any CPU.Build.0 = Ad-Hoc|iPhone
		{8161DBB9-8101-4778-9106-9EDA4DD00FB8}.Ad-Hoc|Any CPU.Deploy.0 = Ad-Hoc|iPhone
		{8161DBB9-8101-4778-9106-9EDA4DD00FB8}.Ad-Hoc|iPhone.ActiveCfg = Ad-Hoc|iPhone
		{8161DBB9-8101-4778-9106-9EDA4DD00FB8}.Ad-Hoc|iPhone.Build.0 = Ad-Hoc|iPhone
		{8161DBB9-8101-4778-9106-9EDA4DD00FB8}.Ad-Hoc|iPhone.Deploy.0 = Ad-Hoc|iPhone
		{8161DBB9-8101-4778-9106-9EDA4DD00FB8}.Ad-Hoc|iPhoneSimulator.ActiveCfg = Ad-Hoc|iPhoneSimulator
		{8161DBB9-8101-4778-9106-9EDA4DD00FB8}.Ad-Hoc|iPhoneSimulator.Build.0 = Ad-Hoc|iPhoneSimulator
		{8161DBB9-8101-4778-9106-9EDA4DD00FB8}.Ad-Hoc|iPhoneSimulator.Deploy.0 = Ad-Hoc|iPhoneSimulator
		{8161DBB9-8101-4778-9106-9EDA4DD00FB8}.AppStore|Any CPU.ActiveCfg = AppStore|iPhone
		{8161DBB9-8101-4778-9106-9EDA4DD00FB8}.AppStore|Any CPU.Build.0 = AppStore|iPhone
		{8161DBB9-8101-4778-9106-9EDA4DD00FB8}.AppStore|Any CPU.Deploy.0 = AppStore|iPhone
		{8161DBB9-8101-4778-9106-9EDA4DD00FB8}.AppStore|iPhone.ActiveCfg = AppStore|iPhone
		{8161DBB9-8101-4778-9106-9EDA4DD00FB8}.AppStore|iPhone.Build.0 = AppStore|iPhone
		{8161DBB9-8101-4778-9106-9EDA4DD00FB8}.AppStore|iPhone.Deploy.0 = AppStore|iPhone
		{8161DBB9-8101-4778-9106-9EDA4DD00FB8}.AppStore|iPhoneSimulator.ActiveCfg = AppStore|iPhoneSimulator
		{8161DBB9-8101-4778-9106-9EDA4DD00FB8}.AppStore|iPhoneSimulator.Build.0 = AppStore|iPhoneSimulator
		{8161DBB9-8101-4778-9106-9EDA4DD00FB8}.AppStore|iPhoneSimulator.Deploy.0 = AppStore|iPhoneSimulator
		{8161DBB9-8101-4778-9106-9EDA4DD00FB8}.Debug|Any CPU.ActiveCfg = Debug|iPhoneSimulator
		{8161DBB9-8101-4778-9106-9EDA4DD00FB8}.Debug|Any CPU.Build.0 = Debug|iPhoneSimulator
		{8161DBB9-8101-4778-9106-9EDA4DD00FB8}.Debug|Any CPU.Deploy.0 = Debug|iPhoneSimulator
		{8161DBB9-8101-4778-9106-9EDA4DD00FB8}.Debug|iPhone.ActiveCfg = Debug|iPhone
		{8161DBB9-8101-4778-9106-9EDA4DD00FB8}.Debug|iPhone.Build.0 = Debug|iPhone
		{8161DBB9-8101-4778-9106-9EDA4DD00FB8}.Debug|iPhone.Deploy.0 = Debug|iPhone
		{8161DBB9-8101-4778-9106-9EDA4DD00FB8}.Debug|iPhoneSimulator.ActiveCfg = Debug|iPhoneSimulator
		{8161DBB9-8101-4778-9106-9EDA4DD00FB8}.Debug|iPhoneSimulator.Build.0 = Debug|iPhoneSimulator
		{8161DBB9-8101-4778-9106-9EDA4DD00FB8}.Debug|iPhoneSimulator.Deploy.0 = Debug|iPhoneSimulator
		{8161DBB9-8101-4778-9106-9EDA4DD00FB8}.Release|Any CPU.ActiveCfg = Release|iPhone
		{8161DBB9-8101-4778-9106-9EDA4DD00FB8}.Release|Any CPU.Build.0 = Release|iPhone
		{8161DBB9-8101-4778-9106-9EDA4DD00FB8}.Release|Any CPU.Deploy.0 = Release|iPhone
		{8161DBB9-8101-4778-9106-9EDA4DD00FB8}.Release|iPhone.ActiveCfg = Release|iPhone
		{8161DBB9-8101-4778-9106-9EDA4DD00FB8}.Release|iPhone.Build.0 = Release|iPhone
		{8161DBB9-8101-4778-9106-9EDA4DD00FB8}.Release|iPhone.Deploy.0 = Release|iPhone
		{8161DBB9-8101-4778-9106-9EDA4DD00FB8}.Release|iPhoneSimulator.ActiveCfg = Release|iPhoneSimulator
		{8161DBB9-8101-4778-9106-9EDA4DD00FB8}.Release|iPhoneSimulator.Build.0 = Release|iPhoneSimulator
		{8161DBB9-8101-4778-9106-9EDA4DD00FB8}.Release|iPhoneSimulator.Deploy.0 = Release|iPhoneSimulator
		{63C1AFFD-9525-48D8-A648-95107039E5AE}.Ad-Hoc|Any CPU.ActiveCfg = Debug|Any CPU
		{63C1AFFD-9525-48D8-A648-95107039E5AE}.Ad-Hoc|Any CPU.Build.0 = Debug|Any CPU
		{63C1AFFD-9525-48D8-A648-95107039E5AE}.Ad-Hoc|Any CPU.Deploy.0 = Debug|Any CPU
		{63C1AFFD-9525-48D8-A648-95107039E5AE}.Ad-Hoc|iPhone.ActiveCfg = Debug|Any CPU
		{63C1AFFD-9525-48D8-A648-95107039E5AE}.Ad-Hoc|iPhone.Build.0 = Debug|Any CPU
		{63C1AFFD-9525-48D8-A648-95107039E5AE}.Ad-Hoc|iPhone.Deploy.0 = Debug|Any CPU
		{63C1AFFD-9525-48D8-A648-95107039E5AE}.Ad-Hoc|iPhoneSimulator.ActiveCfg = Debug|Any CPU
		{63C1AFFD-9525-48D8-A648-95107039E5AE}.Ad-Hoc|iPhoneSimulator.Build.0 = Debug|Any CPU
		{63C1AFFD-9525-48D8-A648-95107039E5AE}.Ad-Hoc|iPhoneSimulator.Deploy.0 = Debug|Any CPU
		{63C1AFFD-9525-48D8-A648-95107039E5AE}.AppStore|Any CPU.ActiveCfg = Debug|Any CPU
		{63C1AFFD-9525-48D8-A648-95107039E5AE}.AppStore|Any CPU.Build.0 = Debug|Any CPU
		{63C1AFFD-9525-48D8-A648-95107039E5AE}.AppStore|Any CPU.Deploy.0 = Debug|Any CPU
		{63C1AFFD-9525-48D8-A648-95107039E5AE}.AppStore|iPhone.ActiveCfg = Debug|Any CPU
		{63C1AFFD-9525-48D8-A648-95107039E5AE}.AppStore|iPhone.Build.0 = Debug|Any CPU
		{63C1AFFD-9525-48D8-A648-95107039E5AE}.AppStore|iPhone.Deploy.0 = Debug|Any CPU
		{63C1AFFD-9525-48D8-A648-95107039E5AE}.AppStore|iPhoneSimulator.ActiveCfg = Debug|Any CPU
		{63C1AFFD-9525-48D8-A648-95107039E5AE}.AppStore|iPhoneSimulator.Build.0 = Debug|Any CPU
		{63C1AFFD-9525-48D8-A648-95107039E5AE}.AppStore|iPhoneSimulator.Deploy.0 = Debug|Any CPU
		{63C1AFFD-9525-48D8-A648-95107039E5AE}.Debug|Any CPU.ActiveCfg = Debug|Any CPU
		{63C1AFFD-9525-48D8-A648-95107039E5AE}.Debug|Any CPU.Build.0 = Debug|Any CPU
		{63C1AFFD-9525-48D8-A648-95107039E5AE}.Debug|Any CPU.Deploy.0 = Debug|Any CPU
		{63C1AFFD-9525-48D8-A648-95107039E5AE}.Debug|iPhone.ActiveCfg = Debug|Any CPU
		{63C1AFFD-9525-48D8-A648-95107039E5AE}.Debug|iPhone.Build.0 = Debug|Any CPU
		{63C1AFFD-9525-48D8-A648-95107039E5AE}.Debug|iPhone.Deploy.0 = Debug|Any CPU
		{63C1AFFD-9525-48D8-A648-95107039E5AE}.Debug|iPhoneSimulator.ActiveCfg = Debug|Any CPU
		{63C1AFFD-9525-48D8-A648-95107039E5AE}.Debug|iPhoneSimulator.Build.0 = Debug|Any CPU
		{63C1AFFD-9525-48D8-A648-95107039E5AE}.Debug|iPhoneSimulator.Deploy.0 = Debug|Any CPU
		{63C1AFFD-9525-48D8-A648-95107039E5AE}.Release|Any CPU.ActiveCfg = Release|Any CPU
		{63C1AFFD-9525-48D8-A648-95107039E5AE}.Release|Any CPU.Build.0 = Release|Any CPU
		{63C1AFFD-9525-48D8-A648-95107039E5AE}.Release|Any CPU.Deploy.0 = Release|Any CPU
		{63C1AFFD-9525-48D8-A648-95107039E5AE}.Release|iPhone.ActiveCfg = Release|Any CPU
		{63C1AFFD-9525-48D8-A648-95107039E5AE}.Release|iPhone.Build.0 = Release|Any CPU
		{63C1AFFD-9525-48D8-A648-95107039E5AE}.Release|iPhone.Deploy.0 = Release|Any CPU
		{63C1AFFD-9525-48D8-A648-95107039E5AE}.Release|iPhoneSimulator.ActiveCfg = Release|Any CPU
		{63C1AFFD-9525-48D8-A648-95107039E5AE}.Release|iPhoneSimulator.Build.0 = Release|Any CPU
		{63C1AFFD-9525-48D8-A648-95107039E5AE}.Release|iPhoneSimulator.Deploy.0 = Release|Any CPU
	EndGlobalSection
	GlobalSection(SolutionProperties) = preSolution
		HideSolutionNode = FALSE
	EndGlobalSection
	GlobalSection(ExtensibilityGlobals) = postSolution
		SolutionGuid = {64B4DAF4-4E35-4E2F-8E22-012EBAA98408}
	EndGlobalSection
EndGlobal
